// !$*UTF8*$!
{
	archiveVersion = 1;
	classes = {
	};
	objectVersion = 50;
	objects = {

/* Begin PBXBuildFile section */
		0A1EA8E4239BF1F90022F421 /* GradientView.swift in Sources */ = {isa = PBXBuildFile; fileRef = 0A1EA8E3239BF1F90022F421 /* GradientView.swift */; };
		0A1EA8E5239BF1F90022F421 /* GradientView.swift in Sources */ = {isa = PBXBuildFile; fileRef = 0A1EA8E3239BF1F90022F421 /* GradientView.swift */; };
		0A1EA8E6239BF1F90022F421 /* GradientView.swift in Sources */ = {isa = PBXBuildFile; fileRef = 0A1EA8E3239BF1F90022F421 /* GradientView.swift */; };
		0A1EA8E9239BF7790022F421 /* PhotoItemView.swift in Sources */ = {isa = PBXBuildFile; fileRef = 0A1EA8E8239BF7790022F421 /* PhotoItemView.swift */; };
		0A1EA8EA239BF7790022F421 /* PhotoItemView.swift in Sources */ = {isa = PBXBuildFile; fileRef = 0A1EA8E8239BF7790022F421 /* PhotoItemView.swift */; };
		0A1EA8EB239BF7790022F421 /* PhotoItemView.swift in Sources */ = {isa = PBXBuildFile; fileRef = 0A1EA8E8239BF7790022F421 /* PhotoItemView.swift */; };
		0A1EA8ED239BFF500022F421 /* URL+Extension.swift in Sources */ = {isa = PBXBuildFile; fileRef = 0A1EA8EC239BFF500022F421 /* URL+Extension.swift */; };
		0A1EA8EE239BFF500022F421 /* URL+Extension.swift in Sources */ = {isa = PBXBuildFile; fileRef = 0A1EA8EC239BFF500022F421 /* URL+Extension.swift */; };
		0A1EA8EF239BFF500022F421 /* URL+Extension.swift in Sources */ = {isa = PBXBuildFile; fileRef = 0A1EA8EC239BFF500022F421 /* URL+Extension.swift */; };
		0A1EA8F5239CAFAE0022F421 /* CheckMarkView.swift in Sources */ = {isa = PBXBuildFile; fileRef = 0A1EA8F4239CAFAE0022F421 /* CheckMarkView.swift */; };
		0A1EA8F6239CAFAE0022F421 /* CheckMarkView.swift in Sources */ = {isa = PBXBuildFile; fileRef = 0A1EA8F4239CAFAE0022F421 /* CheckMarkView.swift */; };
		0A1EA8F7239CAFAE0022F421 /* CheckMarkView.swift in Sources */ = {isa = PBXBuildFile; fileRef = 0A1EA8F4239CAFAE0022F421 /* CheckMarkView.swift */; };
		0A1EA8F9239CB61A0022F421 /* PhotoCollectionViewCell.swift in Sources */ = {isa = PBXBuildFile; fileRef = 0A1EA8F8239CB61A0022F421 /* PhotoCollectionViewCell.swift */; };
		0A1EA8FA239CB61A0022F421 /* PhotoCollectionViewCell.swift in Sources */ = {isa = PBXBuildFile; fileRef = 0A1EA8F8239CB61A0022F421 /* PhotoCollectionViewCell.swift */; };
		0A1EA8FB239CB61A0022F421 /* PhotoCollectionViewCell.swift in Sources */ = {isa = PBXBuildFile; fileRef = 0A1EA8F8239CB61A0022F421 /* PhotoCollectionViewCell.swift */; };
		0A1EA8FD239CBED00022F421 /* PagingView.swift in Sources */ = {isa = PBXBuildFile; fileRef = 0A1EA8FC239CBED00022F421 /* PagingView.swift */; };
		0A1EA8FE239CBED00022F421 /* PagingView.swift in Sources */ = {isa = PBXBuildFile; fileRef = 0A1EA8FC239CBED00022F421 /* PagingView.swift */; };
		0A1EA8FF239CBED00022F421 /* PagingView.swift in Sources */ = {isa = PBXBuildFile; fileRef = 0A1EA8FC239CBED00022F421 /* PagingView.swift */; };
		0A1EA901239CD89A0022F421 /* EmptyView.swift in Sources */ = {isa = PBXBuildFile; fileRef = 0A1EA900239CD89A0022F421 /* EmptyView.swift */; };
		0A1EA902239CD89A0022F421 /* EmptyView.swift in Sources */ = {isa = PBXBuildFile; fileRef = 0A1EA900239CD89A0022F421 /* EmptyView.swift */; };
		0A1EA903239CD89A0022F421 /* EmptyView.swift in Sources */ = {isa = PBXBuildFile; fileRef = 0A1EA900239CD89A0022F421 /* EmptyView.swift */; };
		0A1EA90A239CDA880022F421 /* Localizable.strings in Resources */ = {isa = PBXBuildFile; fileRef = 0A1EA90E239CDA880022F421 /* Localizable.strings */; };
		0A1EA90B239CDA880022F421 /* Localizable.strings in Resources */ = {isa = PBXBuildFile; fileRef = 0A1EA90E239CDA880022F421 /* Localizable.strings */; };
		0A1EA90C239CDA880022F421 /* Localizable.strings in Resources */ = {isa = PBXBuildFile; fileRef = 0A1EA90E239CDA880022F421 /* Localizable.strings */; };
		0A1EA911239CDC1E0022F421 /* UIColor+Theme.swift in Sources */ = {isa = PBXBuildFile; fileRef = 0A1EA910239CDC1E0022F421 /* UIColor+Theme.swift */; };
		0A1EA912239CDC1E0022F421 /* UIColor+Theme.swift in Sources */ = {isa = PBXBuildFile; fileRef = 0A1EA910239CDC1E0022F421 /* UIColor+Theme.swift */; };
		0A1EA913239CDC1E0022F421 /* UIColor+Theme.swift in Sources */ = {isa = PBXBuildFile; fileRef = 0A1EA910239CDC1E0022F421 /* UIColor+Theme.swift */; };
		0A1EA915239CDE410022F421 /* UIFont+Theme.swift in Sources */ = {isa = PBXBuildFile; fileRef = 0A1EA914239CDE410022F421 /* UIFont+Theme.swift */; };
		0A1EA916239CDE410022F421 /* UIFont+Theme.swift in Sources */ = {isa = PBXBuildFile; fileRef = 0A1EA914239CDE410022F421 /* UIFont+Theme.swift */; };
		0A1EA917239CDE410022F421 /* UIFont+Theme.swift in Sources */ = {isa = PBXBuildFile; fileRef = 0A1EA914239CDE410022F421 /* UIFont+Theme.swift */; };
		0A1EA91A239CE1270022F421 /* SplashPhotoSearchViewController.swift in Sources */ = {isa = PBXBuildFile; fileRef = 0A1EA918239CE1270022F421 /* SplashPhotoSearchViewController.swift */; };
		0A1EA91B239CE1270022F421 /* SplashPhotoSearchViewController.swift in Sources */ = {isa = PBXBuildFile; fileRef = 0A1EA918239CE1270022F421 /* SplashPhotoSearchViewController.swift */; };
		0A1EA91D239CE3A80022F421 /* SplashPhotoSearchViewController.swift in Sources */ = {isa = PBXBuildFile; fileRef = 0A1EA918239CE1270022F421 /* SplashPhotoSearchViewController.swift */; };
		0A1EA91F239CE6950022F421 /* SplashController+Collectionview.swift in Sources */ = {isa = PBXBuildFile; fileRef = 0A1EA91E239CE6950022F421 /* SplashController+Collectionview.swift */; };
		0A1EA920239CE6950022F421 /* SplashController+Collectionview.swift in Sources */ = {isa = PBXBuildFile; fileRef = 0A1EA91E239CE6950022F421 /* SplashController+Collectionview.swift */; };
		0A1EA921239CE6950022F421 /* SplashController+Collectionview.swift in Sources */ = {isa = PBXBuildFile; fileRef = 0A1EA91E239CE6950022F421 /* SplashController+Collectionview.swift */; };
		0A1EA926239D0B240022F421 /* Localizable.stringsdict in Resources */ = {isa = PBXBuildFile; fileRef = 0A1EA92A239D0B240022F421 /* Localizable.stringsdict */; };
		0A1EA927239D0B240022F421 /* Localizable.stringsdict in Resources */ = {isa = PBXBuildFile; fileRef = 0A1EA92A239D0B240022F421 /* Localizable.stringsdict */; };
		0A1EA928239D0B240022F421 /* Localizable.stringsdict in Resources */ = {isa = PBXBuildFile; fileRef = 0A1EA92A239D0B240022F421 /* Localizable.stringsdict */; };
		0A8CBB8623A11F5500A1C929 /* SplashTabbarViewController.swift in Sources */ = {isa = PBXBuildFile; fileRef = 0A8CBB8523A11F5500A1C929 /* SplashTabbarViewController.swift */; };
		0A8CBB8723A11F5500A1C929 /* SplashTabbarViewController.swift in Sources */ = {isa = PBXBuildFile; fileRef = 0A8CBB8523A11F5500A1C929 /* SplashTabbarViewController.swift */; };
		0A8CBB8823A11F5500A1C929 /* SplashTabbarViewController.swift in Sources */ = {isa = PBXBuildFile; fileRef = 0A8CBB8523A11F5500A1C929 /* SplashTabbarViewController.swift */; };
		0A8D9DD4239B8CC4008153A8 /* SearchPhotoRequest.swift in Sources */ = {isa = PBXBuildFile; fileRef = 0A8D9DD3239B8CC4008153A8 /* SearchPhotoRequest.swift */; };
		0A8D9DD5239B8CC4008153A8 /* SearchPhotoRequest.swift in Sources */ = {isa = PBXBuildFile; fileRef = 0A8D9DD3239B8CC4008153A8 /* SearchPhotoRequest.swift */; };
		0A8D9DD6239B8CC4008153A8 /* SearchPhotoRequest.swift in Sources */ = {isa = PBXBuildFile; fileRef = 0A8D9DD3239B8CC4008153A8 /* SearchPhotoRequest.swift */; };
		0A8D9DD8239B9903008153A8 /* PageDataSource.swift in Sources */ = {isa = PBXBuildFile; fileRef = 0A8D9DD7239B9903008153A8 /* PageDataSource.swift */; };
		0A8D9DD9239B9903008153A8 /* PageDataSource.swift in Sources */ = {isa = PBXBuildFile; fileRef = 0A8D9DD7239B9903008153A8 /* PageDataSource.swift */; };
		0A8D9DDA239B9903008153A8 /* PageDataSource.swift in Sources */ = {isa = PBXBuildFile; fileRef = 0A8D9DD7239B9903008153A8 /* PageDataSource.swift */; };
		0A8D9DDC239B9B47008153A8 /* PhotosDataSouceFactory.swift in Sources */ = {isa = PBXBuildFile; fileRef = 0A8D9DDB239B9B47008153A8 /* PhotosDataSouceFactory.swift */; };
		0A8D9DDD239B9B47008153A8 /* PhotosDataSouceFactory.swift in Sources */ = {isa = PBXBuildFile; fileRef = 0A8D9DDB239B9B47008153A8 /* PhotosDataSouceFactory.swift */; };
		0A8D9DDE239B9B47008153A8 /* PhotosDataSouceFactory.swift in Sources */ = {isa = PBXBuildFile; fileRef = 0A8D9DDB239B9B47008153A8 /* PhotosDataSouceFactory.swift */; };
		0A8D9DE0239BA27A008153A8 /* OperationQueue+Extension.swift in Sources */ = {isa = PBXBuildFile; fileRef = 0A8D9DDF239BA27A008153A8 /* OperationQueue+Extension.swift */; };
		0A8D9DE1239BA27A008153A8 /* OperationQueue+Extension.swift in Sources */ = {isa = PBXBuildFile; fileRef = 0A8D9DDF239BA27A008153A8 /* OperationQueue+Extension.swift */; };
		0A8D9DE2239BA27A008153A8 /* OperationQueue+Extension.swift in Sources */ = {isa = PBXBuildFile; fileRef = 0A8D9DDF239BA27A008153A8 /* OperationQueue+Extension.swift */; };
		0A8D9DE4239BDADF008153A8 /* ImageDownloader.swift in Sources */ = {isa = PBXBuildFile; fileRef = 0A8D9DE3239BDADF008153A8 /* ImageDownloader.swift */; };
		0A8D9DE5239BDADF008153A8 /* ImageDownloader.swift in Sources */ = {isa = PBXBuildFile; fileRef = 0A8D9DE3239BDADF008153A8 /* ImageDownloader.swift */; };
		0A8D9DE6239BDADF008153A8 /* ImageDownloader.swift in Sources */ = {isa = PBXBuildFile; fileRef = 0A8D9DE3239BDADF008153A8 /* ImageDownloader.swift */; };
		0A8DB5C92399243100731361 /* SplashRequest.swift in Sources */ = {isa = PBXBuildFile; fileRef = 0A8DB5C82399243100731361 /* SplashRequest.swift */; };
		0A8DB5CA2399243100731361 /* SplashRequest.swift in Sources */ = {isa = PBXBuildFile; fileRef = 0A8DB5C82399243100731361 /* SplashRequest.swift */; };
		0A8DB5CB2399243100731361 /* SplashRequest.swift in Sources */ = {isa = PBXBuildFile; fileRef = 0A8DB5C82399243100731361 /* SplashRequest.swift */; };
		0A8DB5CD2399270D00731361 /* SplashPageRequest.swift in Sources */ = {isa = PBXBuildFile; fileRef = 0A8DB5CC2399270D00731361 /* SplashPageRequest.swift */; };
		0A8DB5CE2399270D00731361 /* SplashPageRequest.swift in Sources */ = {isa = PBXBuildFile; fileRef = 0A8DB5CC2399270D00731361 /* SplashPageRequest.swift */; };
		0A8DB5CF2399270D00731361 /* SplashPageRequest.swift in Sources */ = {isa = PBXBuildFile; fileRef = 0A8DB5CC2399270D00731361 /* SplashPageRequest.swift */; };
		0A8DB5D1239928BA00731361 /* CollectionPhotosRequest.swift in Sources */ = {isa = PBXBuildFile; fileRef = 0A8DB5D0239928BA00731361 /* CollectionPhotosRequest.swift */; };
		0A8DB5D2239928BA00731361 /* CollectionPhotosRequest.swift in Sources */ = {isa = PBXBuildFile; fileRef = 0A8DB5D0239928BA00731361 /* CollectionPhotosRequest.swift */; };
		0A8DB5D3239928BA00731361 /* CollectionPhotosRequest.swift in Sources */ = {isa = PBXBuildFile; fileRef = 0A8DB5D0239928BA00731361 /* CollectionPhotosRequest.swift */; };
		0A8DB5D5239933CC00731361 /* SplashPhotoModel.swift in Sources */ = {isa = PBXBuildFile; fileRef = 0A8DB5D4239933CC00731361 /* SplashPhotoModel.swift */; };
		0A8DB5D6239933CC00731361 /* SplashPhotoModel.swift in Sources */ = {isa = PBXBuildFile; fileRef = 0A8DB5D4239933CC00731361 /* SplashPhotoModel.swift */; };
		0A8DB5D7239933CC00731361 /* SplashPhotoModel.swift in Sources */ = {isa = PBXBuildFile; fileRef = 0A8DB5D4239933CC00731361 /* SplashPhotoModel.swift */; };
		0A8DB5D923993B7500731361 /* SplashPhotoExif.swift in Sources */ = {isa = PBXBuildFile; fileRef = 0A8DB5D823993B7500731361 /* SplashPhotoExif.swift */; };
		0A8DB5DA23993B7500731361 /* SplashPhotoExif.swift in Sources */ = {isa = PBXBuildFile; fileRef = 0A8DB5D823993B7500731361 /* SplashPhotoExif.swift */; };
		0A8DB5DB23993B7500731361 /* SplashPhotoExif.swift in Sources */ = {isa = PBXBuildFile; fileRef = 0A8DB5D823993B7500731361 /* SplashPhotoExif.swift */; };
		0A8DB5DD23993B8D00731361 /* SplashUser.swift in Sources */ = {isa = PBXBuildFile; fileRef = 0A8DB5DC23993B8D00731361 /* SplashUser.swift */; };
		0A8DB5DE23993B8D00731361 /* SplashUser.swift in Sources */ = {isa = PBXBuildFile; fileRef = 0A8DB5DC23993B8D00731361 /* SplashUser.swift */; };
		0A8DB5DF23993B8D00731361 /* SplashUser.swift in Sources */ = {isa = PBXBuildFile; fileRef = 0A8DB5DC23993B8D00731361 /* SplashUser.swift */; };
		0A8DB5E123993DA200731361 /* Dictionary+Extension.swift in Sources */ = {isa = PBXBuildFile; fileRef = 0A8DB5E023993DA200731361 /* Dictionary+Extension.swift */; };
		0A8DB5E223993DA200731361 /* Dictionary+Extension.swift in Sources */ = {isa = PBXBuildFile; fileRef = 0A8DB5E023993DA200731361 /* Dictionary+Extension.swift */; };
		0A8DB5E323993DA200731361 /* Dictionary+Extension.swift in Sources */ = {isa = PBXBuildFile; fileRef = 0A8DB5E023993DA200731361 /* Dictionary+Extension.swift */; };
		0A8DB5E523993F0000731361 /* KeyedDecodingContainer+Extension.swift in Sources */ = {isa = PBXBuildFile; fileRef = 0A8DB5E423993F0000731361 /* KeyedDecodingContainer+Extension.swift */; };
		0A8DB5E623993F0000731361 /* KeyedDecodingContainer+Extension.swift in Sources */ = {isa = PBXBuildFile; fileRef = 0A8DB5E423993F0000731361 /* KeyedDecodingContainer+Extension.swift */; };
		0A8DB5E723993F0000731361 /* KeyedDecodingContainer+Extension.swift in Sources */ = {isa = PBXBuildFile; fileRef = 0A8DB5E423993F0000731361 /* KeyedDecodingContainer+Extension.swift */; };
		0A8DB5E92399400100731361 /* UIColor+Extension.swift in Sources */ = {isa = PBXBuildFile; fileRef = 0A8DB5E82399400100731361 /* UIColor+Extension.swift */; };
		0A8DB5EA2399400100731361 /* UIColor+Extension.swift in Sources */ = {isa = PBXBuildFile; fileRef = 0A8DB5E82399400100731361 /* UIColor+Extension.swift */; };
		0A8DB5EB2399400100731361 /* UIColor+Extension.swift in Sources */ = {isa = PBXBuildFile; fileRef = 0A8DB5E82399400100731361 /* UIColor+Extension.swift */; };
		0A8DB625239E71E600731361 /* NSError+Extension.swift in Sources */ = {isa = PBXBuildFile; fileRef = 0A8DB624239E71E600731361 /* NSError+Extension.swift */; };
		0A8DB626239E71E600731361 /* NSError+Extension.swift in Sources */ = {isa = PBXBuildFile; fileRef = 0A8DB624239E71E600731361 /* NSError+Extension.swift */; };
		0A8DB627239E71E600731361 /* NSError+Extension.swift in Sources */ = {isa = PBXBuildFile; fileRef = 0A8DB624239E71E600731361 /* NSError+Extension.swift */; };
		0AD17C9A23963B5600368E54 /* AppDelegate.swift in Sources */ = {isa = PBXBuildFile; fileRef = 0AD17C9923963B5600368E54 /* AppDelegate.swift */; };
		0AD17C9C23963B5600368E54 /* SceneDelegate.swift in Sources */ = {isa = PBXBuildFile; fileRef = 0AD17C9B23963B5600368E54 /* SceneDelegate.swift */; };
		0AD17C9E23963B5600368E54 /* ViewController.swift in Sources */ = {isa = PBXBuildFile; fileRef = 0AD17C9D23963B5600368E54 /* ViewController.swift */; };
		0AD17CA123963B5600368E54 /* Main.storyboard in Resources */ = {isa = PBXBuildFile; fileRef = 0AD17C9F23963B5600368E54 /* Main.storyboard */; };
		0AD17CA323963B5800368E54 /* Assets.xcassets in Resources */ = {isa = PBXBuildFile; fileRef = 0AD17CA223963B5800368E54 /* Assets.xcassets */; };
		0AD17CA623963B5800368E54 /* LaunchScreen.storyboard in Resources */ = {isa = PBXBuildFile; fileRef = 0AD17CA423963B5800368E54 /* LaunchScreen.storyboard */; };
		0AD17CB123963B5900368E54 /* AmazingPicTests.swift in Sources */ = {isa = PBXBuildFile; fileRef = 0AD17CB023963B5900368E54 /* AmazingPicTests.swift */; };
		0AD17CBC23963B5900368E54 /* AmazingPicUITests.swift in Sources */ = {isa = PBXBuildFile; fileRef = 0AD17CBB23963B5900368E54 /* AmazingPicUITests.swift */; };
		0AD17CCE23963C1D00368E54 /* ConcurrentOperation.swift in Sources */ = {isa = PBXBuildFile; fileRef = 0AD17CCD23963C1D00368E54 /* ConcurrentOperation.swift */; };
		0AD17CCF23963C1D00368E54 /* ConcurrentOperation.swift in Sources */ = {isa = PBXBuildFile; fileRef = 0AD17CCD23963C1D00368E54 /* ConcurrentOperation.swift */; };
		0AD17CD023963C1D00368E54 /* ConcurrentOperation.swift in Sources */ = {isa = PBXBuildFile; fileRef = 0AD17CCD23963C1D00368E54 /* ConcurrentOperation.swift */; };
		0AD17CD22396414700368E54 /* NetworkRequest.swift in Sources */ = {isa = PBXBuildFile; fileRef = 0AD17CD12396414700368E54 /* NetworkRequest.swift */; };
		0AD17CD32396414700368E54 /* NetworkRequest.swift in Sources */ = {isa = PBXBuildFile; fileRef = 0AD17CD12396414700368E54 /* NetworkRequest.swift */; };
		0AD17CD42396414700368E54 /* NetworkRequest.swift in Sources */ = {isa = PBXBuildFile; fileRef = 0AD17CD12396414700368E54 /* NetworkRequest.swift */; };
		0AD17CD72397EBDD00368E54 /* UnsplashPhotoConfiguration.swift in Sources */ = {isa = PBXBuildFile; fileRef = 0AD17CD62397EBDB00368E54 /* UnsplashPhotoConfiguration.swift */; };
		0AD17CD82397EBDE00368E54 /* UnsplashPhotoConfiguration.swift in Sources */ = {isa = PBXBuildFile; fileRef = 0AD17CD62397EBDB00368E54 /* UnsplashPhotoConfiguration.swift */; };
		0AD17CD92397EBDE00368E54 /* UnsplashPhotoConfiguration.swift in Sources */ = {isa = PBXBuildFile; fileRef = 0AD17CD62397EBDB00368E54 /* UnsplashPhotoConfiguration.swift */; };
		0AD17CDB2397EFB700368E54 /* ImageCache.swift in Sources */ = {isa = PBXBuildFile; fileRef = 0AD17CDA2397EFB700368E54 /* ImageCache.swift */; };
		0AD17CDC2397EFB700368E54 /* ImageCache.swift in Sources */ = {isa = PBXBuildFile; fileRef = 0AD17CDA2397EFB700368E54 /* ImageCache.swift */; };
		0AD17CDD2397EFB700368E54 /* ImageCache.swift in Sources */ = {isa = PBXBuildFile; fileRef = 0AD17CDA2397EFB700368E54 /* ImageCache.swift */; };
/* End PBXBuildFile section */

/* Begin PBXContainerItemProxy section */
		0AD17CAD23963B5900368E54 /* PBXContainerItemProxy */ = {
			isa = PBXContainerItemProxy;
			containerPortal = 0AD17C8E23963B5600368E54 /* Project object */;
			proxyType = 1;
			remoteGlobalIDString = 0AD17C9523963B5600368E54;
			remoteInfo = AmazingPic;
		};
		0AD17CB823963B5900368E54 /* PBXContainerItemProxy */ = {
			isa = PBXContainerItemProxy;
			containerPortal = 0AD17C8E23963B5600368E54 /* Project object */;
			proxyType = 1;
			remoteGlobalIDString = 0AD17C9523963B5600368E54;
			remoteInfo = AmazingPic;
		};
/* End PBXContainerItemProxy section */

/* Begin PBXFileReference section */
		0A1EA8E3239BF1F90022F421 /* GradientView.swift */ = {isa = PBXFileReference; lastKnownFileType = sourcecode.swift; path = GradientView.swift; sourceTree = "<group>"; };
		0A1EA8E8239BF7790022F421 /* PhotoItemView.swift */ = {isa = PBXFileReference; lastKnownFileType = sourcecode.swift; path = PhotoItemView.swift; sourceTree = "<group>"; };
		0A1EA8EC239BFF500022F421 /* URL+Extension.swift */ = {isa = PBXFileReference; lastKnownFileType = sourcecode.swift; path = "URL+Extension.swift"; sourceTree = "<group>"; };
		0A1EA8F4239CAFAE0022F421 /* CheckMarkView.swift */ = {isa = PBXFileReference; lastKnownFileType = sourcecode.swift; path = CheckMarkView.swift; sourceTree = "<group>"; };
		0A1EA8F8239CB61A0022F421 /* PhotoCollectionViewCell.swift */ = {isa = PBXFileReference; lastKnownFileType = sourcecode.swift; path = PhotoCollectionViewCell.swift; sourceTree = "<group>"; };
		0A1EA8FC239CBED00022F421 /* PagingView.swift */ = {isa = PBXFileReference; lastKnownFileType = sourcecode.swift; path = PagingView.swift; sourceTree = "<group>"; };
		0A1EA900239CD89A0022F421 /* EmptyView.swift */ = {isa = PBXFileReference; lastKnownFileType = sourcecode.swift; path = EmptyView.swift; sourceTree = "<group>"; };
		0A1EA904239CD9E70022F421 /* zh-Hans */ = {isa = PBXFileReference; lastKnownFileType = text.plist.strings; name = "zh-Hans"; path = "zh-Hans.lproj/Main.strings"; sourceTree = "<group>"; };
		0A1EA905239CD9E70022F421 /* zh-Hans */ = {isa = PBXFileReference; lastKnownFileType = text.plist.strings; name = "zh-Hans"; path = "zh-Hans.lproj/LaunchScreen.strings"; sourceTree = "<group>"; };
		0A1EA90D239CDA880022F421 /* en */ = {isa = PBXFileReference; lastKnownFileType = text.plist.strings; name = en; path = en.lproj/Localizable.strings; sourceTree = "<group>"; };
		0A1EA910239CDC1E0022F421 /* UIColor+Theme.swift */ = {isa = PBXFileReference; lastKnownFileType = sourcecode.swift; path = "UIColor+Theme.swift"; sourceTree = "<group>"; };
		0A1EA914239CDE410022F421 /* UIFont+Theme.swift */ = {isa = PBXFileReference; lastKnownFileType = sourcecode.swift; path = "UIFont+Theme.swift"; sourceTree = "<group>"; };
		0A1EA918239CE1270022F421 /* SplashPhotoSearchViewController.swift */ = {isa = PBXFileReference; lastKnownFileType = sourcecode.swift; path = SplashPhotoSearchViewController.swift; sourceTree = "<group>"; };
		0A1EA91E239CE6950022F421 /* SplashController+Collectionview.swift */ = {isa = PBXFileReference; lastKnownFileType = sourcecode.swift; path = "SplashController+Collectionview.swift"; sourceTree = "<group>"; };
		0A1EA929239D0B240022F421 /* en */ = {isa = PBXFileReference; lastKnownFileType = text.plist.stringsdict; name = en; path = en.lproj/Localizable.stringsdict; sourceTree = "<group>"; };
		0A8CBB8523A11F5500A1C929 /* SplashTabbarViewController.swift */ = {isa = PBXFileReference; lastKnownFileType = sourcecode.swift; path = SplashTabbarViewController.swift; sourceTree = "<group>"; };
		0A8D9DD3239B8CC4008153A8 /* SearchPhotoRequest.swift */ = {isa = PBXFileReference; lastKnownFileType = sourcecode.swift; path = SearchPhotoRequest.swift; sourceTree = "<group>"; };
		0A8D9DD7239B9903008153A8 /* PageDataSource.swift */ = {isa = PBXFileReference; lastKnownFileType = sourcecode.swift; path = PageDataSource.swift; sourceTree = "<group>"; };
		0A8D9DDB239B9B47008153A8 /* PhotosDataSouceFactory.swift */ = {isa = PBXFileReference; lastKnownFileType = sourcecode.swift; path = PhotosDataSouceFactory.swift; sourceTree = "<group>"; };
		0A8D9DDF239BA27A008153A8 /* OperationQueue+Extension.swift */ = {isa = PBXFileReference; lastKnownFileType = sourcecode.swift; path = "OperationQueue+Extension.swift"; sourceTree = "<group>"; };
		0A8D9DE3239BDADF008153A8 /* ImageDownloader.swift */ = {isa = PBXFileReference; lastKnownFileType = sourcecode.swift; path = ImageDownloader.swift; sourceTree = "<group>"; };
		0A8DB5C82399243100731361 /* SplashRequest.swift */ = {isa = PBXFileReference; lastKnownFileType = sourcecode.swift; path = SplashRequest.swift; sourceTree = "<group>"; };
		0A8DB5CC2399270D00731361 /* SplashPageRequest.swift */ = {isa = PBXFileReference; lastKnownFileType = sourcecode.swift; path = SplashPageRequest.swift; sourceTree = "<group>"; };
		0A8DB5D0239928BA00731361 /* CollectionPhotosRequest.swift */ = {isa = PBXFileReference; lastKnownFileType = sourcecode.swift; path = CollectionPhotosRequest.swift; sourceTree = "<group>"; };
		0A8DB5D4239933CC00731361 /* SplashPhotoModel.swift */ = {isa = PBXFileReference; lastKnownFileType = sourcecode.swift; path = SplashPhotoModel.swift; sourceTree = "<group>"; };
		0A8DB5D823993B7500731361 /* SplashPhotoExif.swift */ = {isa = PBXFileReference; lastKnownFileType = sourcecode.swift; path = SplashPhotoExif.swift; sourceTree = "<group>"; };
		0A8DB5DC23993B8D00731361 /* SplashUser.swift */ = {isa = PBXFileReference; lastKnownFileType = sourcecode.swift; path = SplashUser.swift; sourceTree = "<group>"; };
		0A8DB5E023993DA200731361 /* Dictionary+Extension.swift */ = {isa = PBXFileReference; lastKnownFileType = sourcecode.swift; path = "Dictionary+Extension.swift"; sourceTree = "<group>"; };
		0A8DB5E423993F0000731361 /* KeyedDecodingContainer+Extension.swift */ = {isa = PBXFileReference; lastKnownFileType = sourcecode.swift; path = "KeyedDecodingContainer+Extension.swift"; sourceTree = "<group>"; };
		0A8DB5E82399400100731361 /* UIColor+Extension.swift */ = {isa = PBXFileReference; lastKnownFileType = sourcecode.swift; path = "UIColor+Extension.swift"; sourceTree = "<group>"; };
		0A8DB624239E71E600731361 /* NSError+Extension.swift */ = {isa = PBXFileReference; lastKnownFileType = sourcecode.swift; path = "NSError+Extension.swift"; sourceTree = "<group>"; };
		0AD17C9623963B5600368E54 /* AmazingPic.app */ = {isa = PBXFileReference; explicitFileType = wrapper.application; includeInIndex = 0; path = AmazingPic.app; sourceTree = BUILT_PRODUCTS_DIR; };
		0AD17C9923963B5600368E54 /* AppDelegate.swift */ = {isa = PBXFileReference; lastKnownFileType = sourcecode.swift; path = AppDelegate.swift; sourceTree = "<group>"; };
		0AD17C9B23963B5600368E54 /* SceneDelegate.swift */ = {isa = PBXFileReference; lastKnownFileType = sourcecode.swift; path = SceneDelegate.swift; sourceTree = "<group>"; };
		0AD17C9D23963B5600368E54 /* ViewController.swift */ = {isa = PBXFileReference; lastKnownFileType = sourcecode.swift; path = ViewController.swift; sourceTree = "<group>"; };
		0AD17CA023963B5600368E54 /* Base */ = {isa = PBXFileReference; lastKnownFileType = file.storyboard; name = Base; path = Base.lproj/Main.storyboard; sourceTree = "<group>"; };
		0AD17CA223963B5800368E54 /* Assets.xcassets */ = {isa = PBXFileReference; lastKnownFileType = folder.assetcatalog; path = Assets.xcassets; sourceTree = "<group>"; };
		0AD17CA523963B5800368E54 /* Base */ = {isa = PBXFileReference; lastKnownFileType = file.storyboard; name = Base; path = Base.lproj/LaunchScreen.storyboard; sourceTree = "<group>"; };
		0AD17CA723963B5800368E54 /* Info.plist */ = {isa = PBXFileReference; lastKnownFileType = text.plist.xml; path = Info.plist; sourceTree = "<group>"; };
		0AD17CAC23963B5900368E54 /* AmazingPicTests.xctest */ = {isa = PBXFileReference; explicitFileType = wrapper.cfbundle; includeInIndex = 0; path = AmazingPicTests.xctest; sourceTree = BUILT_PRODUCTS_DIR; };
		0AD17CB023963B5900368E54 /* AmazingPicTests.swift */ = {isa = PBXFileReference; lastKnownFileType = sourcecode.swift; path = AmazingPicTests.swift; sourceTree = "<group>"; };
		0AD17CB223963B5900368E54 /* Info.plist */ = {isa = PBXFileReference; lastKnownFileType = text.plist.xml; path = Info.plist; sourceTree = "<group>"; };
		0AD17CB723963B5900368E54 /* AmazingPicUITests.xctest */ = {isa = PBXFileReference; explicitFileType = wrapper.cfbundle; includeInIndex = 0; path = AmazingPicUITests.xctest; sourceTree = BUILT_PRODUCTS_DIR; };
		0AD17CBB23963B5900368E54 /* AmazingPicUITests.swift */ = {isa = PBXFileReference; lastKnownFileType = sourcecode.swift; path = AmazingPicUITests.swift; sourceTree = "<group>"; };
		0AD17CBD23963B5900368E54 /* Info.plist */ = {isa = PBXFileReference; lastKnownFileType = text.plist.xml; path = Info.plist; sourceTree = "<group>"; };
		0AD17CCD23963C1D00368E54 /* ConcurrentOperation.swift */ = {isa = PBXFileReference; lastKnownFileType = sourcecode.swift; path = ConcurrentOperation.swift; sourceTree = "<group>"; };
		0AD17CD12396414700368E54 /* NetworkRequest.swift */ = {isa = PBXFileReference; lastKnownFileType = sourcecode.swift; path = NetworkRequest.swift; sourceTree = "<group>"; };
		0AD17CD62397EBDB00368E54 /* UnsplashPhotoConfiguration.swift */ = {isa = PBXFileReference; lastKnownFileType = sourcecode.swift; path = UnsplashPhotoConfiguration.swift; sourceTree = "<group>"; };
		0AD17CDA2397EFB700368E54 /* ImageCache.swift */ = {isa = PBXFileReference; lastKnownFileType = sourcecode.swift; path = ImageCache.swift; sourceTree = "<group>"; };
/* End PBXFileReference section */

/* Begin PBXFrameworksBuildPhase section */
		0AD17C9323963B5600368E54 /* Frameworks */ = {
			isa = PBXFrameworksBuildPhase;
			buildActionMask = 2147483647;
			files = (
			);
			runOnlyForDeploymentPostprocessing = 0;
		};
		0AD17CA923963B5900368E54 /* Frameworks */ = {
			isa = PBXFrameworksBuildPhase;
			buildActionMask = 2147483647;
			files = (
			);
			runOnlyForDeploymentPostprocessing = 0;
		};
		0AD17CB423963B5900368E54 /* Frameworks */ = {
			isa = PBXFrameworksBuildPhase;
			buildActionMask = 2147483647;
			files = (
			);
			runOnlyForDeploymentPostprocessing = 0;
		};
/* End PBXFrameworksBuildPhase section */

/* Begin PBXGroup section */
		0A1EA8E7239BF37D0022F421 /* views */ = {
			isa = PBXGroup;
			children = (
				0A1EA8E3239BF1F90022F421 /* GradientView.swift */,
				0A1EA8E8239BF7790022F421 /* PhotoItemView.swift */,
				0A1EA8F4239CAFAE0022F421 /* CheckMarkView.swift */,
				0A1EA8FC239CBED00022F421 /* PagingView.swift */,
				0A1EA8F8239CB61A0022F421 /* PhotoCollectionViewCell.swift */,
				0A1EA900239CD89A0022F421 /* EmptyView.swift */,
			);
			path = views;
			sourceTree = "<group>";
		};
		0A1EA91C239CE1360022F421 /* Controller */ = {
			isa = PBXGroup;
			children = (
				0A1EA918239CE1270022F421 /* SplashPhotoSearchViewController.swift */,
				0A1EA91E239CE6950022F421 /* SplashController+Collectionview.swift */,
				0A8CBB8523A11F5500A1C929 /* SplashTabbarViewController.swift */,
			);
			path = Controller;
			sourceTree = "<group>";
		};
		0AD17C8D23963B5600368E54 = {
			isa = PBXGroup;
			children = (
				0AD17C9823963B5600368E54 /* AmazingPic */,
				0AD17CAF23963B5900368E54 /* AmazingPicTests */,
				0AD17CBA23963B5900368E54 /* AmazingPicUITests */,
				0AD17C9723963B5600368E54 /* Products */,
			);
			sourceTree = "<group>";
		};
		0AD17C9723963B5600368E54 /* Products */ = {
			isa = PBXGroup;
			children = (
				0AD17C9623963B5600368E54 /* AmazingPic.app */,
				0AD17CAC23963B5900368E54 /* AmazingPicTests.xctest */,
				0AD17CB723963B5900368E54 /* AmazingPicUITests.xctest */,
			);
			name = Products;
			sourceTree = "<group>";
		};
		0AD17C9823963B5600368E54 /* AmazingPic */ = {
			isa = PBXGroup;
			children = (
				0A1EA8E7239BF37D0022F421 /* views */,
				0AD17CD52397EB8600368E54 /* Configuration */,
				0AD17CCC23963BC600368E54 /* Models */,
				0AD17CCB23963BAC00368E54 /* Utils */,
				0AD17CCA23963BA500368E54 /* Operation */,
				0AD17CC923963B9C00368E54 /* Service */,
				0AD17C9923963B5600368E54 /* AppDelegate.swift */,
				0AD17C9B23963B5600368E54 /* SceneDelegate.swift */,
				0AD17C9D23963B5600368E54 /* ViewController.swift */,
				0AD17C9F23963B5600368E54 /* Main.storyboard */,
				0A1EA90E239CDA880022F421 /* Localizable.strings */,
				0A1EA92A239D0B240022F421 /* Localizable.stringsdict */,
				0AD17CA223963B5800368E54 /* Assets.xcassets */,
				0AD17CA423963B5800368E54 /* LaunchScreen.storyboard */,
				0AD17CA723963B5800368E54 /* Info.plist */,
				0A1EA91C239CE1360022F421 /* Controller */,
			);
			path = AmazingPic;
			sourceTree = "<group>";
		};
		0AD17CAF23963B5900368E54 /* AmazingPicTests */ = {
			isa = PBXGroup;
			children = (
				0AD17CB023963B5900368E54 /* AmazingPicTests.swift */,
				0AD17CB223963B5900368E54 /* Info.plist */,
			);
			path = AmazingPicTests;
			sourceTree = "<group>";
		};
		0AD17CBA23963B5900368E54 /* AmazingPicUITests */ = {
			isa = PBXGroup;
			children = (
				0AD17CBB23963B5900368E54 /* AmazingPicUITests.swift */,
				0AD17CBD23963B5900368E54 /* Info.plist */,
			);
			path = AmazingPicUITests;
			sourceTree = "<group>";
		};
		0AD17CC923963B9C00368E54 /* Service */ = {
			isa = PBXGroup;
			children = (
				0AD17CDA2397EFB700368E54 /* ImageCache.swift */,
				0A8D9DD7239B9903008153A8 /* PageDataSource.swift */,
				0A8D9DDB239B9B47008153A8 /* PhotosDataSouceFactory.swift */,
				0A8D9DE3239BDADF008153A8 /* ImageDownloader.swift */,
			);
			path = Service;
			sourceTree = "<group>";
		};
		0AD17CCA23963BA500368E54 /* Operation */ = {
			isa = PBXGroup;
			children = (
				0AD17CCD23963C1D00368E54 /* ConcurrentOperation.swift */,
				0AD17CD12396414700368E54 /* NetworkRequest.swift */,
				0A8DB5C82399243100731361 /* SplashRequest.swift */,
				0A8DB5CC2399270D00731361 /* SplashPageRequest.swift */,
				0A8DB5D0239928BA00731361 /* CollectionPhotosRequest.swift */,
				0A8D9DD3239B8CC4008153A8 /* SearchPhotoRequest.swift */,
			);
			path = Operation;
			sourceTree = "<group>";
		};
		0AD17CCB23963BAC00368E54 /* Utils */ = {
			isa = PBXGroup;
			children = (
				0A8DB5E023993DA200731361 /* Dictionary+Extension.swift */,
				0A8DB5E423993F0000731361 /* KeyedDecodingContainer+Extension.swift */,
				0A8DB5E82399400100731361 /* UIColor+Extension.swift */,
				0A8D9DDF239BA27A008153A8 /* OperationQueue+Extension.swift */,
				0A1EA910239CDC1E0022F421 /* UIColor+Theme.swift */,
				0A1EA8EC239BFF500022F421 /* URL+Extension.swift */,
				0A1EA914239CDE410022F421 /* UIFont+Theme.swift */,
				0A8DB624239E71E600731361 /* NSError+Extension.swift */,
			);
			path = Utils;
			sourceTree = "<group>";
		};
		0AD17CCC23963BC600368E54 /* Models */ = {
			isa = PBXGroup;
			children = (
				0A8DB5D4239933CC00731361 /* SplashPhotoModel.swift */,
				0A8DB5D823993B7500731361 /* SplashPhotoExif.swift */,
				0A8DB5DC23993B8D00731361 /* SplashUser.swift */,
			);
			path = Models;
			sourceTree = "<group>";
		};
		0AD17CD52397EB8600368E54 /* Configuration */ = {
			isa = PBXGroup;
			children = (
				0AD17CD62397EBDB00368E54 /* UnsplashPhotoConfiguration.swift */,
			);
			path = Configuration;
			sourceTree = "<group>";
		};
/* End PBXGroup section */

/* Begin PBXNativeTarget section */
		0AD17C9523963B5600368E54 /* AmazingPic */ = {
			isa = PBXNativeTarget;
			buildConfigurationList = 0AD17CC023963B5900368E54 /* Build configuration list for PBXNativeTarget "AmazingPic" */;
			buildPhases = (
				0AD17C9223963B5600368E54 /* Sources */,
				0AD17C9323963B5600368E54 /* Frameworks */,
				0AD17C9423963B5600368E54 /* Resources */,
			);
			buildRules = (
			);
			dependencies = (
			);
			name = AmazingPic;
			productName = AmazingPic;
			productReference = 0AD17C9623963B5600368E54 /* AmazingPic.app */;
			productType = "com.apple.product-type.application";
		};
		0AD17CAB23963B5900368E54 /* AmazingPicTests */ = {
			isa = PBXNativeTarget;
			buildConfigurationList = 0AD17CC323963B5900368E54 /* Build configuration list for PBXNativeTarget "AmazingPicTests" */;
			buildPhases = (
				0AD17CA823963B5900368E54 /* Sources */,
				0AD17CA923963B5900368E54 /* Frameworks */,
				0AD17CAA23963B5900368E54 /* Resources */,
			);
			buildRules = (
			);
			dependencies = (
				0AD17CAE23963B5900368E54 /* PBXTargetDependency */,
			);
			name = AmazingPicTests;
			productName = AmazingPicTests;
			productReference = 0AD17CAC23963B5900368E54 /* AmazingPicTests.xctest */;
			productType = "com.apple.product-type.bundle.unit-test";
		};
		0AD17CB623963B5900368E54 /* AmazingPicUITests */ = {
			isa = PBXNativeTarget;
			buildConfigurationList = 0AD17CC623963B5900368E54 /* Build configuration list for PBXNativeTarget "AmazingPicUITests" */;
			buildPhases = (
				0AD17CB323963B5900368E54 /* Sources */,
				0AD17CB423963B5900368E54 /* Frameworks */,
				0AD17CB523963B5900368E54 /* Resources */,
			);
			buildRules = (
			);
			dependencies = (
				0AD17CB923963B5900368E54 /* PBXTargetDependency */,
			);
			name = AmazingPicUITests;
			productName = AmazingPicUITests;
			productReference = 0AD17CB723963B5900368E54 /* AmazingPicUITests.xctest */;
			productType = "com.apple.product-type.bundle.ui-testing";
		};
/* End PBXNativeTarget section */

/* Begin PBXProject section */
		0AD17C8E23963B5600368E54 /* Project object */ = {
			isa = PBXProject;
			attributes = {
				LastSwiftUpdateCheck = 1120;
				LastUpgradeCheck = 1120;
				ORGANIZATIONNAME = yuanpinghua;
				TargetAttributes = {
					0AD17C9523963B5600368E54 = {
						CreatedOnToolsVersion = 11.2.1;
					};
					0AD17CAB23963B5900368E54 = {
						CreatedOnToolsVersion = 11.2.1;
						TestTargetID = 0AD17C9523963B5600368E54;
					};
					0AD17CB623963B5900368E54 = {
						CreatedOnToolsVersion = 11.2.1;
						TestTargetID = 0AD17C9523963B5600368E54;
					};
				};
			};
			buildConfigurationList = 0AD17C9123963B5600368E54 /* Build configuration list for PBXProject "AmazingPic" */;
			compatibilityVersion = "Xcode 9.3";
			developmentRegion = en;
			hasScannedForEncodings = 0;
			knownRegions = (
				en,
				Base,
				"zh-Hans",
			);
			mainGroup = 0AD17C8D23963B5600368E54;
			productRefGroup = 0AD17C9723963B5600368E54 /* Products */;
			projectDirPath = "";
			projectRoot = "";
			targets = (
				0AD17C9523963B5600368E54 /* AmazingPic */,
				0AD17CAB23963B5900368E54 /* AmazingPicTests */,
				0AD17CB623963B5900368E54 /* AmazingPicUITests */,
			);
		};
/* End PBXProject section */

/* Begin PBXResourcesBuildPhase section */
		0AD17C9423963B5600368E54 /* Resources */ = {
			isa = PBXResourcesBuildPhase;
			buildActionMask = 2147483647;
			files = (
				0AD17CA623963B5800368E54 /* LaunchScreen.storyboard in Resources */,
				0A1EA90A239CDA880022F421 /* Localizable.strings in Resources */,
				0AD17CA323963B5800368E54 /* Assets.xcassets in Resources */,
				0A1EA926239D0B240022F421 /* Localizable.stringsdict in Resources */,
				0AD17CA123963B5600368E54 /* Main.storyboard in Resources */,
			);
			runOnlyForDeploymentPostprocessing = 0;
		};
		0AD17CAA23963B5900368E54 /* Resources */ = {
			isa = PBXResourcesBuildPhase;
			buildActionMask = 2147483647;
			files = (
				0A1EA90B239CDA880022F421 /* Localizable.strings in Resources */,
				0A1EA927239D0B240022F421 /* Localizable.stringsdict in Resources */,
			);
			runOnlyForDeploymentPostprocessing = 0;
		};
		0AD17CB523963B5900368E54 /* Resources */ = {
			isa = PBXResourcesBuildPhase;
			buildActionMask = 2147483647;
			files = (
				0A1EA90C239CDA880022F421 /* Localizable.strings in Resources */,
				0A1EA928239D0B240022F421 /* Localizable.stringsdict in Resources */,
			);
			runOnlyForDeploymentPostprocessing = 0;
		};
/* End PBXResourcesBuildPhase section */

/* Begin PBXSourcesBuildPhase section */
		0AD17C9223963B5600368E54 /* Sources */ = {
			isa = PBXSourcesBuildPhase;
			buildActionMask = 2147483647;
			files = (
				0A1EA911239CDC1E0022F421 /* UIColor+Theme.swift in Sources */,
				0A1EA91F239CE6950022F421 /* SplashController+Collectionview.swift in Sources */,
				0A1EA8F5239CAFAE0022F421 /* CheckMarkView.swift in Sources */,
				0A1EA8F9239CB61A0022F421 /* PhotoCollectionViewCell.swift in Sources */,
				0A1EA8E9239BF7790022F421 /* PhotoItemView.swift in Sources */,
				0AD17CD72397EBDD00368E54 /* UnsplashPhotoConfiguration.swift in Sources */,
				0A8DB5E123993DA200731361 /* Dictionary+Extension.swift in Sources */,
				0A1EA8E4239BF1F90022F421 /* GradientView.swift in Sources */,
				0A8DB5D923993B7500731361 /* SplashPhotoExif.swift in Sources */,
				0A1EA915239CDE410022F421 /* UIFont+Theme.swift in Sources */,
				0AD17CCE23963C1D00368E54 /* ConcurrentOperation.swift in Sources */,
				0A8DB5C92399243100731361 /* SplashRequest.swift in Sources */,
				0A8D9DDC239B9B47008153A8 /* PhotosDataSouceFactory.swift in Sources */,
				0AD17C9E23963B5600368E54 /* ViewController.swift in Sources */,
				0AD17C9A23963B5600368E54 /* AppDelegate.swift in Sources */,
				0A1EA901239CD89A0022F421 /* EmptyView.swift in Sources */,
				0A8DB5E92399400100731361 /* UIColor+Extension.swift in Sources */,
				0A8DB625239E71E600731361 /* NSError+Extension.swift in Sources */,
				0A8DB5D1239928BA00731361 /* CollectionPhotosRequest.swift in Sources */,
				0A8DB5DD23993B8D00731361 /* SplashUser.swift in Sources */,
				0AD17C9C23963B5600368E54 /* SceneDelegate.swift in Sources */,
				0A8D9DD4239B8CC4008153A8 /* SearchPhotoRequest.swift in Sources */,
				0A8DB5E523993F0000731361 /* KeyedDecodingContainer+Extension.swift in Sources */,
				0A1EA8FD239CBED00022F421 /* PagingView.swift in Sources */,
				0A8D9DD8239B9903008153A8 /* PageDataSource.swift in Sources */,
				0A1EA8ED239BFF500022F421 /* URL+Extension.swift in Sources */,
				0A8D9DE0239BA27A008153A8 /* OperationQueue+Extension.swift in Sources */,
				0A8D9DE4239BDADF008153A8 /* ImageDownloader.swift in Sources */,
				0A8CBB8623A11F5500A1C929 /* SplashTabbarViewController.swift in Sources */,
				0A8DB5CD2399270D00731361 /* SplashPageRequest.swift in Sources */,
				0A8DB5D5239933CC00731361 /* SplashPhotoModel.swift in Sources */,
				0AD17CDB2397EFB700368E54 /* ImageCache.swift in Sources */,
				0AD17CD22396414700368E54 /* NetworkRequest.swift in Sources */,
				0A1EA91D239CE3A80022F421 /* SplashPhotoSearchViewController.swift in Sources */,
			);
			runOnlyForDeploymentPostprocessing = 0;
		};
		0AD17CA823963B5900368E54 /* Sources */ = {
			isa = PBXSourcesBuildPhase;
			buildActionMask = 2147483647;
			files = (
				0A1EA8F6239CAFAE0022F421 /* CheckMarkView.swift in Sources */,
				0A8DB5DE23993B8D00731361 /* SplashUser.swift in Sources */,
				0A8CBB8723A11F5500A1C929 /* SplashTabbarViewController.swift in Sources */,
				0AD17CDC2397EFB700368E54 /* ImageCache.swift in Sources */,
				0A1EA8E5239BF1F90022F421 /* GradientView.swift in Sources */,
				0A1EA8EE239BFF500022F421 /* URL+Extension.swift in Sources */,
				0A1EA920239CE6950022F421 /* SplashController+Collectionview.swift in Sources */,
				0A1EA8EA239BF7790022F421 /* PhotoItemView.swift in Sources */,
				0AD17CCF23963C1D00368E54 /* ConcurrentOperation.swift in Sources */,
				0A8DB5D6239933CC00731361 /* SplashPhotoModel.swift in Sources */,
				0A8DB5CE2399270D00731361 /* SplashPageRequest.swift in Sources */,
				0AD17CD32396414700368E54 /* NetworkRequest.swift in Sources */,
				0A8DB5DA23993B7500731361 /* SplashPhotoExif.swift in Sources */,
				0A8D9DE1239BA27A008153A8 /* OperationQueue+Extension.swift in Sources */,
				0A1EA912239CDC1E0022F421 /* UIColor+Theme.swift in Sources */,
				0A8D9DE5239BDADF008153A8 /* ImageDownloader.swift in Sources */,
				0A8D9DD9239B9903008153A8 /* PageDataSource.swift in Sources */,
				0A1EA902239CD89A0022F421 /* EmptyView.swift in Sources */,
				0A8DB5EA2399400100731361 /* UIColor+Extension.swift in Sources */,
				0A8DB5E623993F0000731361 /* KeyedDecodingContainer+Extension.swift in Sources */,
				0AD17CD82397EBDE00368E54 /* UnsplashPhotoConfiguration.swift in Sources */,
				0A1EA8FA239CB61A0022F421 /* PhotoCollectionViewCell.swift in Sources */,
				0A8D9DDD239B9B47008153A8 /* PhotosDataSouceFactory.swift in Sources */,
				0A8DB5D2239928BA00731361 /* CollectionPhotosRequest.swift in Sources */,
				0A8DB5CA2399243100731361 /* SplashRequest.swift in Sources */,
				0A8DB626239E71E600731361 /* NSError+Extension.swift in Sources */,
				0A8D9DD5239B8CC4008153A8 /* SearchPhotoRequest.swift in Sources */,
				0A1EA91A239CE1270022F421 /* SplashPhotoSearchViewController.swift in Sources */,
				0A1EA916239CDE410022F421 /* UIFont+Theme.swift in Sources */,
				0AD17CB123963B5900368E54 /* AmazingPicTests.swift in Sources */,
				0A1EA8FE239CBED00022F421 /* PagingView.swift in Sources */,
				0A8DB5E223993DA200731361 /* Dictionary+Extension.swift in Sources */,
			);
			runOnlyForDeploymentPostprocessing = 0;
		};
		0AD17CB323963B5900368E54 /* Sources */ = {
			isa = PBXSourcesBuildPhase;
			buildActionMask = 2147483647;
			files = (
				0A1EA8F7239CAFAE0022F421 /* CheckMarkView.swift in Sources */,
				0A8DB5DF23993B8D00731361 /* SplashUser.swift in Sources */,
				0A8CBB8823A11F5500A1C929 /* SplashTabbarViewController.swift in Sources */,
				0AD17CDD2397EFB700368E54 /* ImageCache.swift in Sources */,
				0A1EA8E6239BF1F90022F421 /* GradientView.swift in Sources */,
				0A1EA8EF239BFF500022F421 /* URL+Extension.swift in Sources */,
				0A1EA921239CE6950022F421 /* SplashController+Collectionview.swift in Sources */,
				0A1EA8EB239BF7790022F421 /* PhotoItemView.swift in Sources */,
				0AD17CD023963C1D00368E54 /* ConcurrentOperation.swift in Sources */,
				0A8DB5D7239933CC00731361 /* SplashPhotoModel.swift in Sources */,
				0A8DB5CF2399270D00731361 /* SplashPageRequest.swift in Sources */,
				0AD17CD42396414700368E54 /* NetworkRequest.swift in Sources */,
				0A8DB5DB23993B7500731361 /* SplashPhotoExif.swift in Sources */,
				0A8D9DE2239BA27A008153A8 /* OperationQueue+Extension.swift in Sources */,
				0A1EA913239CDC1E0022F421 /* UIColor+Theme.swift in Sources */,
				0A8D9DE6239BDADF008153A8 /* ImageDownloader.swift in Sources */,
				0A8D9DDA239B9903008153A8 /* PageDataSource.swift in Sources */,
				0A1EA903239CD89A0022F421 /* EmptyView.swift in Sources */,
				0A8DB5EB2399400100731361 /* UIColor+Extension.swift in Sources */,
				0A8DB5E723993F0000731361 /* KeyedDecodingContainer+Extension.swift in Sources */,
				0AD17CD92397EBDE00368E54 /* UnsplashPhotoConfiguration.swift in Sources */,
				0A1EA8FB239CB61A0022F421 /* PhotoCollectionViewCell.swift in Sources */,
				0A8D9DDE239B9B47008153A8 /* PhotosDataSouceFactory.swift in Sources */,
				0A8DB5D3239928BA00731361 /* CollectionPhotosRequest.swift in Sources */,
				0A8DB5CB2399243100731361 /* SplashRequest.swift in Sources */,
				0A8DB627239E71E600731361 /* NSError+Extension.swift in Sources */,
				0A8D9DD6239B8CC4008153A8 /* SearchPhotoRequest.swift in Sources */,
				0A1EA91B239CE1270022F421 /* SplashPhotoSearchViewController.swift in Sources */,
				0A1EA917239CDE410022F421 /* UIFont+Theme.swift in Sources */,
				0AD17CBC23963B5900368E54 /* AmazingPicUITests.swift in Sources */,
				0A1EA8FF239CBED00022F421 /* PagingView.swift in Sources */,
				0A8DB5E323993DA200731361 /* Dictionary+Extension.swift in Sources */,
			);
			runOnlyForDeploymentPostprocessing = 0;
		};
/* End PBXSourcesBuildPhase section */

/* Begin PBXTargetDependency section */
		0AD17CAE23963B5900368E54 /* PBXTargetDependency */ = {
			isa = PBXTargetDependency;
			target = 0AD17C9523963B5600368E54 /* AmazingPic */;
			targetProxy = 0AD17CAD23963B5900368E54 /* PBXContainerItemProxy */;
		};
		0AD17CB923963B5900368E54 /* PBXTargetDependency */ = {
			isa = PBXTargetDependency;
			target = 0AD17C9523963B5600368E54 /* AmazingPic */;
			targetProxy = 0AD17CB823963B5900368E54 /* PBXContainerItemProxy */;
		};
/* End PBXTargetDependency section */

/* Begin PBXVariantGroup section */
		0A1EA90E239CDA880022F421 /* Localizable.strings */ = {
			isa = PBXVariantGroup;
			children = (
				0A1EA90D239CDA880022F421 /* en */,
			);
			name = Localizable.strings;
			sourceTree = "<group>";
		};
		0A1EA92A239D0B240022F421 /* Localizable.stringsdict */ = {
			isa = PBXVariantGroup;
			children = (
				0A1EA929239D0B240022F421 /* en */,
			);
			name = Localizable.stringsdict;
			sourceTree = "<group>";
		};
		0AD17C9F23963B5600368E54 /* Main.storyboard */ = {
			isa = PBXVariantGroup;
			children = (
				0AD17CA023963B5600368E54 /* Base */,
				0A1EA904239CD9E70022F421 /* zh-Hans */,
			);
			name = Main.storyboard;
			sourceTree = "<group>";
		};
		0AD17CA423963B5800368E54 /* LaunchScreen.storyboard */ = {
			isa = PBXVariantGroup;
			children = (
				0AD17CA523963B5800368E54 /* Base */,
				0A1EA905239CD9E70022F421 /* zh-Hans */,
			);
			name = LaunchScreen.storyboard;
			sourceTree = "<group>";
		};
/* End PBXVariantGroup section */

/* Begin XCBuildConfiguration section */
		0AD17CBE23963B5900368E54 /* Debug */ = {
			isa = XCBuildConfiguration;
			buildSettings = {
				ALWAYS_SEARCH_USER_PATHS = NO;
				CLANG_ANALYZER_LOCALIZABILITY_NONLOCALIZED = YES;
				CLANG_ANALYZER_NONNULL = YES;
				CLANG_ANALYZER_NUMBER_OBJECT_CONVERSION = YES_AGGRESSIVE;
				CLANG_CXX_LANGUAGE_STANDARD = "gnu++14";
				CLANG_CXX_LIBRARY = "libc++";
				CLANG_ENABLE_MODULES = YES;
				CLANG_ENABLE_OBJC_ARC = YES;
				CLANG_ENABLE_OBJC_WEAK = YES;
				CLANG_WARN_BLOCK_CAPTURE_AUTORELEASING = YES;
				CLANG_WARN_BOOL_CONVERSION = YES;
				CLANG_WARN_COMMA = YES;
				CLANG_WARN_CONSTANT_CONVERSION = YES;
				CLANG_WARN_DEPRECATED_OBJC_IMPLEMENTATIONS = YES;
				CLANG_WARN_DIRECT_OBJC_ISA_USAGE = YES_ERROR;
				CLANG_WARN_DOCUMENTATION_COMMENTS = YES;
				CLANG_WARN_EMPTY_BODY = YES;
				CLANG_WARN_ENUM_CONVERSION = YES;
				CLANG_WARN_INFINITE_RECURSION = YES;
				CLANG_WARN_INT_CONVERSION = YES;
				CLANG_WARN_NON_LITERAL_NULL_CONVERSION = YES;
				CLANG_WARN_OBJC_IMPLICIT_RETAIN_SELF = YES;
				CLANG_WARN_OBJC_LITERAL_CONVERSION = YES;
				CLANG_WARN_OBJC_ROOT_CLASS = YES_ERROR;
				CLANG_WARN_RANGE_LOOP_ANALYSIS = YES;
				CLANG_WARN_STRICT_PROTOTYPES = YES;
				CLANG_WARN_SUSPICIOUS_MOVE = YES;
				CLANG_WARN_UNGUARDED_AVAILABILITY = YES_AGGRESSIVE;
				CLANG_WARN_UNREACHABLE_CODE = YES;
				CLANG_WARN__DUPLICATE_METHOD_MATCH = YES;
				COPY_PHASE_STRIP = NO;
				DEBUG_INFORMATION_FORMAT = dwarf;
				ENABLE_STRICT_OBJC_MSGSEND = YES;
				ENABLE_TESTABILITY = YES;
				GCC_C_LANGUAGE_STANDARD = gnu11;
				GCC_DYNAMIC_NO_PIC = NO;
				GCC_NO_COMMON_BLOCKS = YES;
				GCC_OPTIMIZATION_LEVEL = 0;
				GCC_PREPROCESSOR_DEFINITIONS = (
					"DEBUG=1",
					"$(inherited)",
				);
				GCC_WARN_64_TO_32_BIT_CONVERSION = YES;
				GCC_WARN_ABOUT_RETURN_TYPE = YES_ERROR;
				GCC_WARN_UNDECLARED_SELECTOR = YES;
				GCC_WARN_UNINITIALIZED_AUTOS = YES_AGGRESSIVE;
				GCC_WARN_UNUSED_FUNCTION = YES;
				GCC_WARN_UNUSED_VARIABLE = YES;
				IPHONEOS_DEPLOYMENT_TARGET = 11.0;
				MTL_ENABLE_DEBUG_INFO = INCLUDE_SOURCE;
				MTL_FAST_MATH = YES;
				ONLY_ACTIVE_ARCH = YES;
				SDKROOT = iphoneos;
				SWIFT_ACTIVE_COMPILATION_CONDITIONS = DEBUG;
				SWIFT_OPTIMIZATION_LEVEL = "-Onone";
			};
			name = Debug;
		};
		0AD17CBF23963B5900368E54 /* Release */ = {
			isa = XCBuildConfiguration;
			buildSettings = {
				ALWAYS_SEARCH_USER_PATHS = NO;
				CLANG_ANALYZER_LOCALIZABILITY_NONLOCALIZED = YES;
				CLANG_ANALYZER_NONNULL = YES;
				CLANG_ANALYZER_NUMBER_OBJECT_CONVERSION = YES_AGGRESSIVE;
				CLANG_CXX_LANGUAGE_STANDARD = "gnu++14";
				CLANG_CXX_LIBRARY = "libc++";
				CLANG_ENABLE_MODULES = YES;
				CLANG_ENABLE_OBJC_ARC = YES;
				CLANG_ENABLE_OBJC_WEAK = YES;
				CLANG_WARN_BLOCK_CAPTURE_AUTORELEASING = YES;
				CLANG_WARN_BOOL_CONVERSION = YES;
				CLANG_WARN_COMMA = YES;
				CLANG_WARN_CONSTANT_CONVERSION = YES;
				CLANG_WARN_DEPRECATED_OBJC_IMPLEMENTATIONS = YES;
				CLANG_WARN_DIRECT_OBJC_ISA_USAGE = YES_ERROR;
				CLANG_WARN_DOCUMENTATION_COMMENTS = YES;
				CLANG_WARN_EMPTY_BODY = YES;
				CLANG_WARN_ENUM_CONVERSION = YES;
				CLANG_WARN_INFINITE_RECURSION = YES;
				CLANG_WARN_INT_CONVERSION = YES;
				CLANG_WARN_NON_LITERAL_NULL_CONVERSION = YES;
				CLANG_WARN_OBJC_IMPLICIT_RETAIN_SELF = YES;
				CLANG_WARN_OBJC_LITERAL_CONVERSION = YES;
				CLANG_WARN_OBJC_ROOT_CLASS = YES_ERROR;
				CLANG_WARN_RANGE_LOOP_ANALYSIS = YES;
				CLANG_WARN_STRICT_PROTOTYPES = YES;
				CLANG_WARN_SUSPICIOUS_MOVE = YES;
				CLANG_WARN_UNGUARDED_AVAILABILITY = YES_AGGRESSIVE;
				CLANG_WARN_UNREACHABLE_CODE = YES;
				CLANG_WARN__DUPLICATE_METHOD_MATCH = YES;
				COPY_PHASE_STRIP = NO;
				DEBUG_INFORMATION_FORMAT = "dwarf-with-dsym";
				ENABLE_NS_ASSERTIONS = NO;
				ENABLE_STRICT_OBJC_MSGSEND = YES;
				GCC_C_LANGUAGE_STANDARD = gnu11;
				GCC_NO_COMMON_BLOCKS = YES;
				GCC_WARN_64_TO_32_BIT_CONVERSION = YES;
				GCC_WARN_ABOUT_RETURN_TYPE = YES_ERROR;
				GCC_WARN_UNDECLARED_SELECTOR = YES;
				GCC_WARN_UNINITIALIZED_AUTOS = YES_AGGRESSIVE;
				GCC_WARN_UNUSED_FUNCTION = YES;
				GCC_WARN_UNUSED_VARIABLE = YES;
				IPHONEOS_DEPLOYMENT_TARGET = 11.0;
				MTL_ENABLE_DEBUG_INFO = NO;
				MTL_FAST_MATH = YES;
				SDKROOT = iphoneos;
				SWIFT_COMPILATION_MODE = wholemodule;
				SWIFT_OPTIMIZATION_LEVEL = "-O";
				VALIDATE_PRODUCT = YES;
			};
			name = Release;
		};
		0AD17CC123963B5900368E54 /* Debug */ = {
			isa = XCBuildConfiguration;
			buildSettings = {
				ASSETCATALOG_COMPILER_APPICON_NAME = AppIcon;
				CODE_SIGN_STYLE = Automatic;
				DEVELOPMENT_TEAM = KFSKA2NQKM;
				INFOPLIST_FILE = AmazingPic/Info.plist;
				LD_RUNPATH_SEARCH_PATHS = (
					"$(inherited)",
					"@executable_path/Frameworks",
				);
				PRODUCT_BUNDLE_IDENTIFIER = zhipengbird.AmazingPic;
				PRODUCT_NAME = "$(TARGET_NAME)";
				SWIFT_VERSION = 5.0;
				TARGETED_DEVICE_FAMILY = "1,2";
			};
			name = Debug;
		};
		0AD17CC223963B5900368E54 /* Release */ = {
			isa = XCBuildConfiguration;
			buildSettings = {
				ASSETCATALOG_COMPILER_APPICON_NAME = AppIcon;
				CODE_SIGN_STYLE = Automatic;
				DEVELOPMENT_TEAM = KFSKA2NQKM;
				INFOPLIST_FILE = AmazingPic/Info.plist;
				LD_RUNPATH_SEARCH_PATHS = (
					"$(inherited)",
					"@executable_path/Frameworks",
				);
				PRODUCT_BUNDLE_IDENTIFIER = zhipengbird.AmazingPic;
				PRODUCT_NAME = "$(TARGET_NAME)";
				SWIFT_VERSION = 5.0;
				TARGETED_DEVICE_FAMILY = "1,2";
			};
			name = Release;
		};
		0AD17CC423963B5900368E54 /* Debug */ = {
			isa = XCBuildConfiguration;
			buildSettings = {
				ALWAYS_EMBED_SWIFT_STANDARD_LIBRARIES = YES;
				BUNDLE_LOADER = "$(TEST_HOST)";
				CODE_SIGN_STYLE = Automatic;
				DEVELOPMENT_TEAM = KFSKA2NQKM;
				INFOPLIST_FILE = AmazingPicTests/Info.plist;
				IPHONEOS_DEPLOYMENT_TARGET = 13.2;
				LD_RUNPATH_SEARCH_PATHS = (
					"$(inherited)",
					"@executable_path/Frameworks",
					"@loader_path/Frameworks",
				);
				PRODUCT_BUNDLE_IDENTIFIER = zhipengbird.AmazingPicTests;
				PRODUCT_NAME = "$(TARGET_NAME)";
				SWIFT_VERSION = 5.0;
				TARGETED_DEVICE_FAMILY = "1,2";
				TEST_HOST = "$(BUILT_PRODUCTS_DIR)/AmazingPic.app/AmazingPic";
			};
			name = Debug;
		};
		0AD17CC523963B5900368E54 /* Release */ = {
			isa = XCBuildConfiguration;
			buildSettings = {
				ALWAYS_EMBED_SWIFT_STANDARD_LIBRARIES = YES;
				BUNDLE_LOADER = "$(TEST_HOST)";
				CODE_SIGN_STYLE = Automatic;
				DEVELOPMENT_TEAM = KFSKA2NQKM;
				INFOPLIST_FILE = AmazingPicTests/Info.plist;
				IPHONEOS_DEPLOYMENT_TARGET = 13.2;
				LD_RUNPATH_SEARCH_PATHS = (
					"$(inherited)",
					"@executable_path/Frameworks",
					"@loader_path/Frameworks",
				);
				PRODUCT_BUNDLE_IDENTIFIER = zhipengbird.AmazingPicTests;
				PRODUCT_NAME = "$(TARGET_NAME)";
				SWIFT_VERSION = 5.0;
				TARGETED_DEVICE_FAMILY = "1,2";
				TEST_HOST = "$(BUILT_PRODUCTS_DIR)/AmazingPic.app/AmazingPic";
			};
			name = Release;
		};
		0AD17CC723963B5900368E54 /* Debug */ = {
			isa = XCBuildConfiguration;
			buildSettings = {
				ALWAYS_EMBED_SWIFT_STANDARD_LIBRARIES = YES;
				CODE_SIGN_STYLE = Automatic;
				DEVELOPMENT_TEAM = KFSKA2NQKM;
				INFOPLIST_FILE = AmazingPicUITests/Info.plist;
				LD_RUNPATH_SEARCH_PATHS = (
					"$(inherited)",
					"@executable_path/Frameworks",
					"@loader_path/Frameworks",
				);
				PRODUCT_BUNDLE_IDENTIFIER = zhipengbird.AmazingPicUITests;
				PRODUCT_NAME = "$(TARGET_NAME)";
				SWIFT_VERSION = 5.0;
				TARGETED_DEVICE_FAMILY = "1,2";
				TEST_TARGET_NAME = AmazingPic;
			};
			name = Debug;
		};
		0AD17CC823963B5900368E54 /* Release */ = {
			isa = XCBuildConfiguration;
			buildSettings = {
				ALWAYS_EMBED_SWIFT_STANDARD_LIBRARIES = YES;
				CODE_SIGN_STYLE = Automatic;
				DEVELOPMENT_TEAM = KFSKA2NQKM;
				INFOPLIST_FILE = AmazingPicUITests/Info.plist;
				LD_RUNPATH_SEARCH_PATHS = (
					"$(inherited)",
					"@executable_path/Frameworks",
					"@loader_path/Frameworks",
				);
				PRODUCT_BUNDLE_IDENTIFIER = zhipengbird.AmazingPicUITests;
				PRODUCT_NAME = "$(TARGET_NAME)";
				SWIFT_VERSION = 5.0;
				TARGETED_DEVICE_FAMILY = "1,2";
				TEST_TARGET_NAME = AmazingPic;
			};
			name = Release;
		};
/* End XCBuildConfiguration section */

/* Begin XCConfigurationList section */
		0AD17C9123963B5600368E54 /* Build configuration list for PBXProject "AmazingPic" */ = {
			isa = XCConfigurationList;
			buildConfigurations = (
				0AD17CBE23963B5900368E54 /* Debug */,
				0AD17CBF23963B5900368E54 /* Release */,
			);
			defaultConfigurationIsVisible = 0;
			defaultConfigurationName = Release;
		};
		0AD17CC023963B5900368E54 /* Build configuration list for PBXNativeTarget "AmazingPic" */ = {
			isa = XCConfigurationList;
			buildConfigurations = (
				0AD17CC123963B5900368E54 /* Debug */,
				0AD17CC223963B5900368E54 /* Release */,
			);
			defaultConfigurationIsVisible = 0;
			defaultConfigurationName = Release;
		};
		0AD17CC323963B5900368E54 /* Build configuration list for PBXNativeTarget "AmazingPicTests" */ = {
			isa = XCConfigurationList;
			buildConfigurations = (
				0AD17CC423963B5900368E54 /* Debug */,
				0AD17CC523963B5900368E54 /* Release */,
			);
			defaultConfigurationIsVisible = 0;
			defaultConfigurationName = Release;
		};
		0AD17CC623963B5900368E54 /* Build configuration list for PBXNativeTarget "AmazingPicUITests" */ = {
			isa = XCConfigurationList;
			buildConfigurations = (
				0AD17CC723963B5900368E54 /* Debug */,
				0AD17CC823963B5900368E54 /* Release */,
			);
			defaultConfigurationIsVisible = 0;
			defaultConfigurationName = Release;
		};
/* End XCConfigurationList section */
	};
	rootObject = 0AD17C8E23963B5600368E54 /* Project object */;
}
